{
  "version": 4,
  "terraform_version": "1.1.2",
  "serial": 7,
  "lineage": "e4448446-e908-997f-24d0-e71249d8d03e",
  "outputs": {
    "container_id": {
      "value": "https://srechallengeflaschenpost.blob.core.windows.net/sre",
      "type": "string"
    },
    "storage_account_id": {
      "value": "/subscriptions/4790636e-40f3-4590-997b-084aa48b91ce/resourceGroups/sre-challenge-flashenpost/providers/Microsoft.Storage/storageAccounts/srechallengeflaschenpost",
      "type": "string"
    },
    "storage_account_primary_access_key": {
      "value": "JjN+uQcqkhMOaIN/PGfS5u7l4m2lhtkedgiZXpmygKSdnoR+Zy+dLpyChJloS4vr+Su+SMbvtm3g+AStwkUH/w==",
      "type": "string",
      "sensitive": true
    },
    "storage_account_primary_connection_string": {
      "value": "DefaultEndpointsProtocol=https;AccountName=srechallengeflaschenpost;AccountKey=JjN+uQcqkhMOaIN/PGfS5u7l4m2lhtkedgiZXpmygKSdnoR+Zy+dLpyChJloS4vr+Su+SMbvtm3g+AStwkUH/w==;EndpointSuffix=core.windows.net",
      "type": "string",
      "sensitive": true
    }
  },
  "resources": [
    {
      "mode": "managed",
      "type": "azurerm_resource_group",
      "name": "resource_group",
      "provider": "provider[\"registry.terraform.io/hashicorp/azurerm\"]",
      "instances": [
        {
          "schema_version": 0,
          "attributes": {
            "id": "/subscriptions/4790636e-40f3-4590-997b-084aa48b91ce/resourceGroups/sre-challenge-flashenpost",
            "location": "westeurope",
            "name": "sre-challenge-flashenpost",
            "tags": {
              "department": "SRE"
            },
            "timeouts": null
          },
          "sensitive_attributes": [],
          "private": "eyJlMmJmYjczMC1lY2FhLTExZTYtOGY4OC0zNDM2M2JjN2M0YzAiOnsiY3JlYXRlIjo1NDAwMDAwMDAwMDAwLCJkZWxldGUiOjU0MDAwMDAwMDAwMDAsInJlYWQiOjMwMDAwMDAwMDAwMCwidXBkYXRlIjo1NDAwMDAwMDAwMDAwfX0="
        }
      ]
    },
    {
      "mode": "managed",
      "type": "azurerm_storage_account",
      "name": "storage_account",
      "provider": "provider[\"registry.terraform.io/hashicorp/azurerm\"]",
      "instances": [
        {
          "schema_version": 3,
          "attributes": {
            "access_tier": "Hot",
            "account_kind": "StorageV2",
            "account_replication_type": "LRS",
            "account_tier": "Standard",
            "allow_nested_items_to_be_public": true,
            "azure_files_authentication": [],
            "blob_properties": [
              {
                "change_feed_enabled": false,
                "container_delete_retention_policy": [],
                "cors_rule": [],
                "default_service_version": "",
                "delete_retention_policy": [],
                "last_access_time_enabled": false,
                "versioning_enabled": false
              }
            ],
            "custom_domain": [],
            "customer_managed_key": [],
            "edge_zone": "",
            "enable_https_traffic_only": true,
            "id": "/subscriptions/4790636e-40f3-4590-997b-084aa48b91ce/resourceGroups/sre-challenge-flashenpost/providers/Microsoft.Storage/storageAccounts/srechallengeflaschenpost",
            "identity": [],
            "infrastructure_encryption_enabled": false,
            "is_hns_enabled": false,
            "large_file_share_enabled": null,
            "location": "westeurope",
            "min_tls_version": "TLS1_2",
            "name": "srechallengeflaschenpost",
            "network_rules": [
              {
                "bypass": [
                  "AzureServices"
                ],
                "default_action": "Allow",
                "ip_rules": [],
                "private_link_access": [],
                "virtual_network_subnet_ids": []
              }
            ],
            "nfsv3_enabled": false,
            "primary_access_key": "JjN+uQcqkhMOaIN/PGfS5u7l4m2lhtkedgiZXpmygKSdnoR+Zy+dLpyChJloS4vr+Su+SMbvtm3g+AStwkUH/w==",
            "primary_blob_connection_string": "DefaultEndpointsProtocol=https;BlobEndpoint=https://srechallengeflaschenpost.blob.core.windows.net/;AccountName=srechallengeflaschenpost;AccountKey=JjN+uQcqkhMOaIN/PGfS5u7l4m2lhtkedgiZXpmygKSdnoR+Zy+dLpyChJloS4vr+Su+SMbvtm3g+AStwkUH/w==",
            "primary_blob_endpoint": "https://srechallengeflaschenpost.blob.core.windows.net/",
            "primary_blob_host": "srechallengeflaschenpost.blob.core.windows.net",
            "primary_connection_string": "DefaultEndpointsProtocol=https;AccountName=srechallengeflaschenpost;AccountKey=JjN+uQcqkhMOaIN/PGfS5u7l4m2lhtkedgiZXpmygKSdnoR+Zy+dLpyChJloS4vr+Su+SMbvtm3g+AStwkUH/w==;EndpointSuffix=core.windows.net",
            "primary_dfs_endpoint": "https://srechallengeflaschenpost.dfs.core.windows.net/",
            "primary_dfs_host": "srechallengeflaschenpost.dfs.core.windows.net",
            "primary_file_endpoint": "https://srechallengeflaschenpost.file.core.windows.net/",
            "primary_file_host": "srechallengeflaschenpost.file.core.windows.net",
            "primary_location": "westeurope",
            "primary_queue_endpoint": "https://srechallengeflaschenpost.queue.core.windows.net/",
            "primary_queue_host": "srechallengeflaschenpost.queue.core.windows.net",
            "primary_table_endpoint": "https://srechallengeflaschenpost.table.core.windows.net/",
            "primary_table_host": "srechallengeflaschenpost.table.core.windows.net",
            "primary_web_endpoint": "https://srechallengeflaschenpost.z6.web.core.windows.net/",
            "primary_web_host": "srechallengeflaschenpost.z6.web.core.windows.net",
            "queue_encryption_key_type": "Service",
            "queue_properties": [
              {
                "cors_rule": [],
                "hour_metrics": [
                  {
                    "enabled": true,
                    "include_apis": true,
                    "retention_policy_days": 7,
                    "version": "1.0"
                  }
                ],
                "logging": [
                  {
                    "delete": false,
                    "read": false,
                    "retention_policy_days": 0,
                    "version": "1.0",
                    "write": false
                  }
                ],
                "minute_metrics": [
                  {
                    "enabled": false,
                    "include_apis": false,
                    "retention_policy_days": 0,
                    "version": "1.0"
                  }
                ]
              }
            ],
            "resource_group_name": "sre-challenge-flashenpost",
            "routing": [],
            "secondary_access_key": "Cn18iXpHuBFS7JWuoPVdor4ZHMr7aU9n3gZa0jkAvfwkaUawxI4YfkIIIzbjWKVGGen5Y3dEuwTO+AStnRa5dw==",
            "secondary_blob_connection_string": "",
            "secondary_blob_endpoint": null,
            "secondary_blob_host": null,
            "secondary_connection_string": "DefaultEndpointsProtocol=https;AccountName=srechallengeflaschenpost;AccountKey=Cn18iXpHuBFS7JWuoPVdor4ZHMr7aU9n3gZa0jkAvfwkaUawxI4YfkIIIzbjWKVGGen5Y3dEuwTO+AStnRa5dw==;EndpointSuffix=core.windows.net",
            "secondary_dfs_endpoint": null,
            "secondary_dfs_host": null,
            "secondary_file_endpoint": null,
            "secondary_file_host": null,
            "secondary_location": "",
            "secondary_queue_endpoint": null,
            "secondary_queue_host": null,
            "secondary_table_endpoint": null,
            "secondary_table_host": null,
            "secondary_web_endpoint": null,
            "secondary_web_host": null,
            "share_properties": [
              {
                "cors_rule": [],
                "retention_policy": [
                  {
                    "days": 7
                  }
                ],
                "smb": []
              }
            ],
            "shared_access_key_enabled": true,
            "static_website": [],
            "table_encryption_key_type": "Service",
            "tags": {
              "department": "SRE"
            },
            "timeouts": null
          },
          "sensitive_attributes": [],
          "private": "eyJlMmJmYjczMC1lY2FhLTExZTYtOGY4OC0zNDM2M2JjN2M0YzAiOnsiY3JlYXRlIjozNjAwMDAwMDAwMDAwLCJkZWxldGUiOjM2MDAwMDAwMDAwMDAsInJlYWQiOjMwMDAwMDAwMDAwMCwidXBkYXRlIjozNjAwMDAwMDAwMDAwfSwic2NoZW1hX3ZlcnNpb24iOiIzIn0=",
          "dependencies": [
            "azurerm_resource_group.resource_group"
          ]
        }
      ]
    },
    {
      "mode": "managed",
      "type": "azurerm_storage_container",
      "name": "account_container",
      "provider": "provider[\"registry.terraform.io/hashicorp/azurerm\"]",
      "instances": [
        {
          "schema_version": 1,
          "attributes": {
            "container_access_type": "private",
            "has_immutability_policy": false,
            "has_legal_hold": false,
            "id": "https://srechallengeflaschenpost.blob.core.windows.net/sre",
            "metadata": {},
            "name": "sre",
            "resource_manager_id": "/subscriptions/4790636e-40f3-4590-997b-084aa48b91ce/resourceGroups/sre-challenge-flashenpost/providers/Microsoft.Storage/storageAccounts/srechallengeflaschenpost/blobServices/default/containers/sre",
            "storage_account_name": "srechallengeflaschenpost",
            "timeouts": null
          },
          "sensitive_attributes": [],
          "private": "eyJlMmJmYjczMC1lY2FhLTExZTYtOGY4OC0zNDM2M2JjN2M0YzAiOnsiY3JlYXRlIjoxODAwMDAwMDAwMDAwLCJkZWxldGUiOjE4MDAwMDAwMDAwMDAsInJlYWQiOjMwMDAwMDAwMDAwMCwidXBkYXRlIjoxODAwMDAwMDAwMDAwfSwic2NoZW1hX3ZlcnNpb24iOiIxIn0=",
          "dependencies": [
            "azurerm_resource_group.resource_group",
            "azurerm_storage_account.storage_account"
          ]
        }
      ]
    }
  ]
}
